
Microsoft Visual Studio Solution File, Format Version 12.00
# Visual Studio Version 16
VisualStudioVersion = 16.0.31911.196
MinimumVisualStudioVersion = 10.0.40219.1
Project("{F184B08F-C81C-45F6-A57F-5ABD9991F28F}") = "SHAtext", "SHAtext\SHAtext.vbproj", "{D39DFF16-B7A4-488D-BBCD-74E05505EDB6}"
EndProject
Project("{2150E333-8FDC-42A3-9474-1A3956D46DE8}") = "Solution Items", "Solution Items", "{6928998B-A512-405C-843C-929E61009DB4}"
	ProjectSection(SolutionItems) = preProject
		.editorconfig = .editorconfig
	EndProjectSection
EndProject
Global
	GlobalSection(SolutionConfigurationPlatforms) = preSolution
		Debug|Any CPU = Debug|Any CPU
		Release|Any CPU = Release|Any CPU
	EndGlobalSection
	GlobalSection(ProjectConfigurationPlatforms) = postSolution
		{D39DFF16-B7A4-488D-BBCD-74E05505EDB6}.Debug|Any CPU.ActiveCfg = Debug|Any CPU
		{D39DFF16-B7A4-488D-BBCD-74E05505EDB6}.Debug|Any CPU.Build.0 = Debug|Any CPU
		{D39DFF16-B7A4-488D-BBCD-74E05505EDB6}.Release|Any CPU.ActiveCfg = Release|Any CPU
		{D39DFF16-B7A4-488D-BBCD-74E05505EDB6}.Release|Any CPU.Build.0 = Release|Any CPU
	EndGlobalSection
	GlobalSection(SolutionProperties) = preSolution
		HideSolutionNode = FALSE
	EndGlobalSection
	GlobalSection(ExtensibilityGlobals) = postSolution
		SolutionGuid = {F9FDD4F2-415E-4417-AD6D-31673768A4BB}
	EndGlobalSection
EndGlobal
